
Microsoft Visual Studio Solution File, Format Version 12.00
# Visual Studio Version 17
VisualStudioVersion = 17.10.35201.131
MinimumVisualStudioVersion = 10.0.40219.1
Project("{9A19103F-16F7-4668-BE54-9A1E7A4F7556}") = "OrderBookAPI", "OrderBookAPI.csproj", "{121FCED7-D07C-4C0D-BFCE-A5F42E5E0425}"
EndProject
Global
	GlobalSection(SolutionConfigurationPlatforms) = preSolution
		Debug|Any CPU = Debug|Any CPU
		Release|Any CPU = Release|Any CPU
	EndGlobalSection
	GlobalSection(ProjectConfigurationPlatforms) = postSolution
		{121FCED7-D07C-4C0D-BFCE-A5F42E5E0425}.Debug|Any CPU.ActiveCfg = Debug|Any CPU
		{121FCED7-D07C-4C0D-BFCE-A5F42E5E0425}.Debug|Any CPU.Build.0 = Debug|Any CPU
		{121FCED7-D07C-4C0D-BFCE-A5F42E5E0425}.Release|Any CPU.ActiveCfg = Release|Any CPU
		{121FCED7-D07C-4C0D-BFCE-A5F42E5E0425}.Release|Any CPU.Build.0 = Release|Any CPU
	EndGlobalSection
	GlobalSection(SolutionProperties) = preSolution
		HideSolutionNode = FALSE
	EndGlobalSection
	GlobalSection(ExtensibilityGlobals) = postSolution
		SolutionGuid = {066ABC82-ABBC-4A7B-8F10-64D888C76F71}
	EndGlobalSection
EndGlobal
